
Microsoft Visual Studio Solution File, Format Version 12.00
# Visual Studio Version 17
VisualStudioVersion = 17.1.32414.318
MinimumVisualStudioVersion = 10.0.40219.1
Project("{9A19103F-16F7-4668-BE54-9A1E7A4F7556}") = "биллиг1", "биллиг1\биллиг1.csproj", "{1E437575-EB85-431F-9DFF-FCB63EB2EFB8}"
EndProject
Project("{9A19103F-16F7-4668-BE54-9A1E7A4F7556}") = "Bench", "Bench\Bench.csproj", "{29ABB091-9289-4F60-809E-24FA9F9483D5}"
EndProject
Project("{FAE04EC0-301F-11D3-BF4B-00C04F79EFBC}") = "WinFormsApp1", "WinFormsApp1\WinFormsApp1.csproj", "{DAE5B699-5907-4AA9-A3F7-D73A2223D94A}"
EndProject
Global
	GlobalSection(SolutionConfigurationPlatforms) = preSolution
		Debug|Any CPU = Debug|Any CPU
		Release|Any CPU = Release|Any CPU
	EndGlobalSection
	GlobalSection(ProjectConfigurationPlatforms) = postSolution
		{1E437575-EB85-431F-9DFF-FCB63EB2EFB8}.Debug|Any CPU.ActiveCfg = Debug|Any CPU
		{1E437575-EB85-431F-9DFF-FCB63EB2EFB8}.Debug|Any CPU.Build.0 = Debug|Any CPU
		{1E437575-EB85-431F-9DFF-FCB63EB2EFB8}.Release|Any CPU.ActiveCfg = Release|Any CPU
		{1E437575-EB85-431F-9DFF-FCB63EB2EFB8}.Release|Any CPU.Build.0 = Release|Any CPU
		{29ABB091-9289-4F60-809E-24FA9F9483D5}.Debug|Any CPU.ActiveCfg = Debug|Any CPU
		{29ABB091-9289-4F60-809E-24FA9F9483D5}.Debug|Any CPU.Build.0 = Debug|Any CPU
		{29ABB091-9289-4F60-809E-24FA9F9483D5}.Release|Any CPU.ActiveCfg = Release|Any CPU
		{29ABB091-9289-4F60-809E-24FA9F9483D5}.Release|Any CPU.Build.0 = Release|Any CPU
		{DAE5B699-5907-4AA9-A3F7-D73A2223D94A}.Debug|Any CPU.ActiveCfg = Debug|Any CPU
		{DAE5B699-5907-4AA9-A3F7-D73A2223D94A}.Debug|Any CPU.Build.0 = Debug|Any CPU
		{DAE5B699-5907-4AA9-A3F7-D73A2223D94A}.Release|Any CPU.ActiveCfg = Release|Any CPU
		{DAE5B699-5907-4AA9-A3F7-D73A2223D94A}.Release|Any CPU.Build.0 = Release|Any CPU
	EndGlobalSection
	GlobalSection(SolutionProperties) = preSolution
		HideSolutionNode = FALSE
	EndGlobalSection
	GlobalSection(ExtensibilityGlobals) = postSolution
		SolutionGuid = {4ACB7BD6-7D0E-4FBF-A162-4AE08AE5A3F4}
	EndGlobalSection
EndGlobal
